// !$*UTF8*$!
{
	archiveVersion = 1;
	classes = {
	};
	objectVersion = 46;
	objects = {

/* Begin PBXBuildFile section */
		FC00EFB7193D4A9C00BBA864 /* OrangeButton.png in Resources */ = {isa = PBXBuildFile; fileRef = FC00EFB6193D4A9C00BBA864 /* OrangeButton.png */; };
		FC00EFB9193D4FCA00BBA864 /* WhiteButton.png in Resources */ = {isa = PBXBuildFile; fileRef = FC00EFB8193D4FCA00BBA864 /* WhiteButton.png */; };
		FC00EFBB193D510F00BBA864 /* blueButton.png in Resources */ = {isa = PBXBuildFile; fileRef = FC00EFBA193D510F00BBA864 /* blueButton.png */; };
		FC00EFBE193D594A00BBA864 /* RegisterViewController.m in Sources */ = {isa = PBXBuildFile; fileRef = FC00EFBD193D594A00BBA864 /* RegisterViewController.m */; };
		FC1F451619406560006C10F8 /* check.png in Resources */ = {isa = PBXBuildFile; fileRef = FC1F451419406560006C10F8 /* check.png */; };
		FC1F451719406560006C10F8 /* uncheck.png in Resources */ = {isa = PBXBuildFile; fileRef = FC1F451519406560006C10F8 /* uncheck.png */; };
		FC1F451B19406E34006C10F8 /* navBar.png in Resources */ = {isa = PBXBuildFile; fileRef = FC1F451A19406E34006C10F8 /* navBar.png */; };
		FC1F451E19409055006C10F8 /* ActiveViewController.m in Sources */ = {isa = PBXBuildFile; fileRef = FC1F451D19409055006C10F8 /* ActiveViewController.m */; };
		FC1F45201940909D006C10F8 /* background2.png in Resources */ = {isa = PBXBuildFile; fileRef = FC1F451F1940909D006C10F8 /* background2.png */; };
		FC1F4522194094C8006C10F8 /* minimize.png in Resources */ = {isa = PBXBuildFile; fileRef = FC1F4521194094C8006C10F8 /* minimize.png */; };
		FC1F45251940965D006C10F8 /* ReportViewController.m in Sources */ = {isa = PBXBuildFile; fileRef = FC1F45231940965D006C10F8 /* ReportViewController.m */; };
		FC1F4527194096BC006C10F8 /* reportAlert.png in Resources */ = {isa = PBXBuildFile; fileRef = FC1F4526194096BC006C10F8 /* reportAlert.png */; };
		FC1F45291943BF6E006C10F8 /* backButton.png in Resources */ = {isa = PBXBuildFile; fileRef = FC1F45281943BF6E006C10F8 /* backButton.png */; };
		FC2934B11947248800DF1087 /* TPKeyboardAvoidingScrollView.m in Sources */ = {isa = PBXBuildFile; fileRef = FC2934B01947248800DF1087 /* TPKeyboardAvoidingScrollView.m */; };
		FC2934B41947252A00DF1087 /* UIScrollView+TPKeyboardAvoidingAdditions.m in Sources */ = {isa = PBXBuildFile; fileRef = FC2934B31947252A00DF1087 /* UIScrollView+TPKeyboardAvoidingAdditions.m */; };
		FC2934D51948D8F100DF1087 /* MKAnnotationView+WebCache.m in Sources */ = {isa = PBXBuildFile; fileRef = FC2934B71948D8F000DF1087 /* MKAnnotationView+WebCache.m */; };
		FC2934D61948D8F100DF1087 /* NSData+ImageContentType.m in Sources */ = {isa = PBXBuildFile; fileRef = FC2934B91948D8F000DF1087 /* NSData+ImageContentType.m */; };
		FC2934D71948D8F100DF1087 /* SDImageCache.m in Sources */ = {isa = PBXBuildFile; fileRef = FC2934BB1948D8F000DF1087 /* SDImageCache.m */; };
		FC2934D81948D8F100DF1087 /* SDWebImageCompat.m in Sources */ = {isa = PBXBuildFile; fileRef = FC2934BD1948D8F000DF1087 /* SDWebImageCompat.m */; };
		FC2934D91948D8F100DF1087 /* SDWebImageDecoder.m in Sources */ = {isa = PBXBuildFile; fileRef = FC2934BF1948D8F000DF1087 /* SDWebImageDecoder.m */; };
		FC2934DA1948D8F100DF1087 /* SDWebImageDownloader.m in Sources */ = {isa = PBXBuildFile; fileRef = FC2934C11948D8F000DF1087 /* SDWebImageDownloader.m */; };
		FC2934DB1948D8F100DF1087 /* SDWebImageDownloaderOperation.m in Sources */ = {isa = PBXBuildFile; fileRef = FC2934C31948D8F000DF1087 /* SDWebImageDownloaderOperation.m */; };
		FC2934DC1948D8F100DF1087 /* SDWebImageManager.m in Sources */ = {isa = PBXBuildFile; fileRef = FC2934C51948D8F000DF1087 /* SDWebImageManager.m */; };
		FC2934DD1948D8F100DF1087 /* SDWebImagePrefetcher.m in Sources */ = {isa = PBXBuildFile; fileRef = FC2934C81948D8F000DF1087 /* SDWebImagePrefetcher.m */; };
		FC2934DE1948D8F100DF1087 /* UIButton+WebCache.m in Sources */ = {isa = PBXBuildFile; fileRef = FC2934CA1948D8F000DF1087 /* UIButton+WebCache.m */; };
		FC2934DF1948D8F100DF1087 /* UIImage+GIF.m in Sources */ = {isa = PBXBuildFile; fileRef = FC2934CC1948D8F000DF1087 /* UIImage+GIF.m */; };
		FC2934E01948D8F100DF1087 /* UIImage+MultiFormat.m in Sources */ = {isa = PBXBuildFile; fileRef = FC2934CE1948D8F000DF1087 /* UIImage+MultiFormat.m */; };
		FC2934E11948D8F100DF1087 /* UIImage+WebP.m in Sources */ = {isa = PBXBuildFile; fileRef = FC2934D01948D8F000DF1087 /* UIImage+WebP.m */; };
		FC2934E21948D8F100DF1087 /* UIImageView+HighlightedWebCache.m in Sources */ = {isa = PBXBuildFile; fileRef = FC2934D21948D8F000DF1087 /* UIImageView+HighlightedWebCache.m */; };
		FC2934E31948D8F100DF1087 /* UIImageView+WebCache.m in Sources */ = {isa = PBXBuildFile; fileRef = FC2934D41948D8F000DF1087 /* UIImageView+WebCache.m */; };
		FC6CAEB9193D654200FB5850 /* loadingScreen.png in Resources */ = {isa = PBXBuildFile; fileRef = FC6CAEB8193D654200FB5850 /* loadingScreen.png */; };
		FC6CAEC9193EF18F00FB5850 /* OpenSans-CondBold.ttf in Resources */ = {isa = PBXBuildFile; fileRef = FC6CAEC6193EF18E00FB5850 /* OpenSans-CondBold.ttf */; };
		FC6CAECA193EF18F00FB5850 /* OpenSans-CondLight.ttf in Resources */ = {isa = PBXBuildFile; fileRef = FC6CAEC7193EF18F00FB5850 /* OpenSans-CondLight.ttf */; };
		FC6CAECB193EF18F00FB5850 /* OpenSans-CondLightItalic.ttf in Resources */ = {isa = PBXBuildFile; fileRef = FC6CAEC8193EF18F00FB5850 /* OpenSans-CondLightItalic.ttf */; };
		FC6CAECC193EF1B300FB5850 /* OpenSans-CondBold.ttf in Resources */ = {isa = PBXBuildFile; fileRef = FC6CAEC6193EF18E00FB5850 /* OpenSans-CondBold.ttf */; };
		FC6CAECD193EF1B300FB5850 /* OpenSans-CondLight.ttf in Resources */ = {isa = PBXBuildFile; fileRef = FC6CAEC7193EF18F00FB5850 /* OpenSans-CondLight.ttf */; };
		FC6CAECE193EF1B300FB5850 /* OpenSans-CondLightItalic.ttf in Resources */ = {isa = PBXBuildFile; fileRef = FC6CAEC8193EF18F00FB5850 /* OpenSans-CondLightItalic.ttf */; };
		FC6CAED1193F104D00FB5850 /* camera.png in Resources */ = {isa = PBXBuildFile; fileRef = FC6CAECF193F104D00FB5850 /* camera.png */; };
		FC6CAED2193F104D00FB5850 /* upload.png in Resources */ = {isa = PBXBuildFile; fileRef = FC6CAED0193F104D00FB5850 /* upload.png */; };
		FC6CAED4193F1DC700FB5850 /* submit.png in Resources */ = {isa = PBXBuildFile; fileRef = FC6CAED3193F1DC700FB5850 /* submit.png */; };
		FCA3FA92193C809000390B10 /* Foundation.framework in Frameworks */ = {isa = PBXBuildFile; fileRef = FCA3FA91193C809000390B10 /* Foundation.framework */; };
		FCA3FA94193C809000390B10 /* CoreGraphics.framework in Frameworks */ = {isa = PBXBuildFile; fileRef = FCA3FA93193C809000390B10 /* CoreGraphics.framework */; };
		FCA3FA96193C809000390B10 /* UIKit.framework in Frameworks */ = {isa = PBXBuildFile; fileRef = FCA3FA95193C809000390B10 /* UIKit.framework */; };
		FCA3FA98193C809000390B10 /* CoreData.framework in Frameworks */ = {isa = PBXBuildFile; fileRef = FCA3FA97193C809000390B10 /* CoreData.framework */; };
		FCA3FA9E193C809000390B10 /* InfoPlist.strings in Resources */ = {isa = PBXBuildFile; fileRef = FCA3FA9C193C809000390B10 /* InfoPlist.strings */; };
		FCA3FAA0193C809000390B10 /* main.m in Sources */ = {isa = PBXBuildFile; fileRef = FCA3FA9F193C809000390B10 /* main.m */; };
		FCA3FAA4193C809000390B10 /* AppDelegate.m in Sources */ = {isa = PBXBuildFile; fileRef = FCA3FAA3193C809000390B10 /* AppDelegate.m */; };
		FCA3FAA7193C809000390B10 /* BloodHound.xcdatamodeld in Sources */ = {isa = PBXBuildFile; fileRef = FCA3FAA5193C809000390B10 /* BloodHound.xcdatamodeld */; };
		FCA3FAA9193C809000390B10 /* Images.xcassets in Resources */ = {isa = PBXBuildFile; fileRef = FCA3FAA8193C809000390B10 /* Images.xcassets */; };
		FCA3FAB0193C809000390B10 /* XCTest.framework in Frameworks */ = {isa = PBXBuildFile; fileRef = FCA3FAAF193C809000390B10 /* XCTest.framework */; };
		FCA3FAB1193C809000390B10 /* Foundation.framework in Frameworks */ = {isa = PBXBuildFile; fileRef = FCA3FA91193C809000390B10 /* Foundation.framework */; };
		FCA3FAB2193C809000390B10 /* UIKit.framework in Frameworks */ = {isa = PBXBuildFile; fileRef = FCA3FA95193C809000390B10 /* UIKit.framework */; };
		FCA3FAB3193C809000390B10 /* CoreData.framework in Frameworks */ = {isa = PBXBuildFile; fileRef = FCA3FA97193C809000390B10 /* CoreData.framework */; };
		FCA3FABB193C809000390B10 /* InfoPlist.strings in Resources */ = {isa = PBXBuildFile; fileRef = FCA3FAB9193C809000390B10 /* InfoPlist.strings */; };
		FCA3FABD193C809000390B10 /* BloodHoundTests.m in Sources */ = {isa = PBXBuildFile; fileRef = FCA3FABC193C809000390B10 /* BloodHoundTests.m */; };
		FCA3FACF193C8A7B00390B10 /* MainViewController.m in Sources */ = {isa = PBXBuildFile; fileRef = FCA3FACE193C8A7B00390B10 /* MainViewController.m */; };
		FCA3FAD2193C93DE00390B10 /* BloodHoundStoryBoard.storyboard in Resources */ = {isa = PBXBuildFile; fileRef = FCA3FAD1193C93DE00390B10 /* BloodHoundStoryBoard.storyboard */; };
		FCAA7A1619440D6600010866 /* AnimatedGif.m in Sources */ = {isa = PBXBuildFile; fileRef = FCAA7A0F19440D6500010866 /* AnimatedGif.m */; };
		FCAA7A1919440D6600010866 /* UIImageView+AnimatedGif.m in Sources */ = {isa = PBXBuildFile; fileRef = FCAA7A1519440D6600010866 /* UIImageView+AnimatedGif.m */; };
		FCAA7A271944663000010866 /* SUITextField.m in Sources */ = {isa = PBXBuildFile; fileRef = FCAA7A261944663000010866 /* SUITextField.m */; };
		FCAA7A291944663700010866 /* selectPhoto.png in Resources */ = {isa = PBXBuildFile; fileRef = FCAA7A281944663700010866 /* selectPhoto.png */; };
		FCAA7A2B19452ECD00010866 /* libsqlite3.dylib in Frameworks */ = {isa = PBXBuildFile; fileRef = FCAA7A2A19452ECD00010866 /* libsqlite3.dylib */; };
		FCAD82F8194AD4E100D0608F /* ajax-loader-bar.gif in Resources */ = {isa = PBXBuildFile; fileRef = FCAD82F7194AD4E100D0608F /* ajax-loader-bar.gif */; };
		FCAD8339194AE97300D0608F /* CoreBluetooth.framework in Frameworks */ = {isa = PBXBuildFile; fileRef = FCAD8334194AE97300D0608F /* CoreBluetooth.framework */; };
		FCAD833A194AE97300D0608F /* CoreLocation.framework in Frameworks */ = {isa = PBXBuildFile; fileRef = FCAD8335194AE97300D0608F /* CoreLocation.framework */; };
		FCAD833B194AE97300D0608F /* libz.dylib in Frameworks */ = {isa = PBXBuildFile; fileRef = FCAD8336194AE97300D0608F /* libz.dylib */; };
		FCAD833C194AE97300D0608F /* MapKit.framework in Frameworks */ = {isa = PBXBuildFile; fileRef = FCAD8337194AE97300D0608F /* MapKit.framework */; };
		FCAD833D194AE97300D0608F /* Security.framework in Frameworks */ = {isa = PBXBuildFile; fileRef = FCAD8338194AE97300D0608F /* Security.framework */; };
		FCAD8343194AE99400D0608F /* FYX.framework in Frameworks */ = {isa = PBXBuildFile; fileRef = FCAD833E194AE99400D0608F /* FYX.framework */; };
		FCAD8344194AE99400D0608F /* NetworkServices.framework in Frameworks */ = {isa = PBXBuildFile; fileRef = FCAD833F194AE99400D0608F /* NetworkServices.framework */; };
		FCAD8345194AE99400D0608F /* ContextLocation.framework in Frameworks */ = {isa = PBXBuildFile; fileRef = FCAD8340194AE99400D0608F /* ContextLocation.framework */; };
		FCAD8346194AE99400D0608F /* Common.framework in Frameworks */ = {isa = PBXBuildFile; fileRef = FCAD8341194AE99400D0608F /* Common.framework */; };
		FCAD8347194AE99400D0608F /* ContextCore.framework in Frameworks */ = {isa = PBXBuildFile; fileRef = FCAD8342194AE99400D0608F /* ContextCore.framework */; };
		FCAD8349194AF08B00D0608F /* bloodhound.caf in Resources */ = {isa = PBXBuildFile; fileRef = FCAD8348194AF08A00D0608F /* bloodhound.caf */; };
		FCAF95921946417600662414 /* FoundViewController.m in Sources */ = {isa = PBXBuildFile; fileRef = FCAF95911946417600662414 /* FoundViewController.m */; };
/* End PBXBuildFile section */

/* Begin PBXContainerItemProxy section */
		FCA3FAB4193C809000390B10 /* PBXContainerItemProxy */ = {
			isa = PBXContainerItemProxy;
			containerPortal = FCA3FA86193C809000390B10 /* Project object */;
			proxyType = 1;
			remoteGlobalIDString = FCA3FA8D193C809000390B10;
			remoteInfo = BloodHound;
		};
/* End PBXContainerItemProxy section */

/* Begin PBXFileReference section */
		FC00EFB6193D4A9C00BBA864 /* OrangeButton.png */ = {isa = PBXFileReference; lastKnownFileType = image.png; name = OrangeButton.png; path = "../../../Downloads/Bloodhound UI_5.31/OrangeButton.png"; sourceTree = "<group>"; };
		FC00EFB8193D4FCA00BBA864 /* WhiteButton.png */ = {isa = PBXFileReference; lastKnownFileType = image.png; name = WhiteButton.png; path = "../../../Downloads/Bloodhound UI_5.31/WhiteButton.png"; sourceTree = "<group>"; };
		FC00EFBA193D510F00BBA864 /* blueButton.png */ = {isa = PBXFileReference; lastKnownFileType = image.png; name = blueButton.png; path = ../../../Downloads/blueButton.png; sourceTree = "<group>"; };
		FC00EFBC193D594A00BBA864 /* RegisterViewController.h */ = {isa = PBXFileReference; fileEncoding = 4; lastKnownFileType = sourcecode.c.h; path = RegisterViewController.h; sourceTree = "<group>"; };
		FC00EFBD193D594A00BBA864 /* RegisterViewController.m */ = {isa = PBXFileReference; fileEncoding = 4; lastKnownFileType = sourcecode.c.objc; path = RegisterViewController.m; sourceTree = "<group>"; };
		FC1F451419406560006C10F8 /* check.png */ = {isa = PBXFileReference; lastKnownFileType = image.png; path = check.png; sourceTree = "<group>"; };
		FC1F451519406560006C10F8 /* uncheck.png */ = {isa = PBXFileReference; lastKnownFileType = image.png; path = uncheck.png; sourceTree = "<group>"; };
		FC1F451A19406E34006C10F8 /* navBar.png */ = {isa = PBXFileReference; lastKnownFileType = image.png; path = navBar.png; sourceTree = "<group>"; };
		FC1F451C19409055006C10F8 /* ActiveViewController.h */ = {isa = PBXFileReference; fileEncoding = 4; lastKnownFileType = sourcecode.c.h; path = ActiveViewController.h; sourceTree = "<group>"; };
		FC1F451D19409055006C10F8 /* ActiveViewController.m */ = {isa = PBXFileReference; fileEncoding = 4; lastKnownFileType = sourcecode.c.objc; path = ActiveViewController.m; sourceTree = "<group>"; };
		FC1F451F1940909D006C10F8 /* background2.png */ = {isa = PBXFileReference; lastKnownFileType = image.png; path = background2.png; sourceTree = "<group>"; };
		FC1F4521194094C8006C10F8 /* minimize.png */ = {isa = PBXFileReference; lastKnownFileType = image.png; path = minimize.png; sourceTree = "<group>"; };
		FC1F45231940965D006C10F8 /* ReportViewController.m */ = {isa = PBXFileReference; fileEncoding = 4; lastKnownFileType = sourcecode.c.objc; path = ReportViewController.m; sourceTree = "<group>"; };
		FC1F45241940965D006C10F8 /* ReportViewController.h */ = {isa = PBXFileReference; fileEncoding = 4; lastKnownFileType = sourcecode.c.h; path = ReportViewController.h; sourceTree = "<group>"; };
		FC1F4526194096BC006C10F8 /* reportAlert.png */ = {isa = PBXFileReference; lastKnownFileType = image.png; path = reportAlert.png; sourceTree = "<group>"; };
		FC1F45281943BF6E006C10F8 /* backButton.png */ = {isa = PBXFileReference; lastKnownFileType = image.png; path = backButton.png; sourceTree = "<group>"; };
		FC2934AF1947248800DF1087 /* TPKeyboardAvoidingScrollView.h */ = {isa = PBXFileReference; fileEncoding = 4; lastKnownFileType = sourcecode.c.h; name = TPKeyboardAvoidingScrollView.h; path = "../../../Downloads/TPKeyboardAvoiding-master 2/TPKeyboardAvoiding/TPKeyboardAvoidingScrollView.h"; sourceTree = "<group>"; };
		FC2934B01947248800DF1087 /* TPKeyboardAvoidingScrollView.m */ = {isa = PBXFileReference; fileEncoding = 4; lastKnownFileType = sourcecode.c.objc; name = TPKeyboardAvoidingScrollView.m; path = "../../../Downloads/TPKeyboardAvoiding-master 2/TPKeyboardAvoiding/TPKeyboardAvoidingScrollView.m"; sourceTree = "<group>"; };
		FC2934B21947252A00DF1087 /* UIScrollView+TPKeyboardAvoidingAdditions.h */ = {isa = PBXFileReference; fileEncoding = 4; lastKnownFileType = sourcecode.c.h; name = "UIScrollView+TPKeyboardAvoidingAdditions.h"; path = "../../../Downloads/TPKeyboardAvoiding-master/TPKeyboardAvoiding/UIScrollView+TPKeyboardAvoidingAdditions.h"; sourceTree = "<group>"; };
		FC2934B31947252A00DF1087 /* UIScrollView+TPKeyboardAvoidingAdditions.m */ = {isa = PBXFileReference; fileEncoding = 4; lastKnownFileType = sourcecode.c.objc; name = "UIScrollView+TPKeyboardAvoidingAdditions.m"; path = "../../../Downloads/TPKeyboardAvoiding-master/TPKeyboardAvoiding/UIScrollView+TPKeyboardAvoidingAdditions.m"; sourceTree = "<group>"; };
		FC2934B61948D8F000DF1087 /* MKAnnotationView+WebCache.h */ = {isa = PBXFileReference; fileEncoding = 4; lastKnownFileType = sourcecode.c.h; path = "MKAnnotationView+WebCache.h"; sourceTree = "<group>"; };
		FC2934B71948D8F000DF1087 /* MKAnnotationView+WebCache.m */ = {isa = PBXFileReference; fileEncoding = 4; lastKnownFileType = sourcecode.c.objc; path = "MKAnnotationView+WebCache.m"; sourceTree = "<group>"; };
		FC2934B81948D8F000DF1087 /* NSData+ImageContentType.h */ = {isa = PBXFileReference; fileEncoding = 4; lastKnownFileType = sourcecode.c.h; path = "NSData+ImageContentType.h"; sourceTree = "<group>"; };
		FC2934B91948D8F000DF1087 /* NSData+ImageContentType.m */ = {isa = PBXFileReference; fileEncoding = 4; lastKnownFileType = sourcecode.c.objc; path = "NSData+ImageContentType.m"; sourceTree = "<group>"; };
		FC2934BA1948D8F000DF1087 /* SDImageCache.h */ = {isa = PBXFileReference; fileEncoding = 4; lastKnownFileType = sourcecode.c.h; path = SDImageCache.h; sourceTree = "<group>"; };
		FC2934BB1948D8F000DF1087 /* SDImageCache.m */ = {isa = PBXFileReference; fileEncoding = 4; lastKnownFileType = sourcecode.c.objc; path = SDImageCache.m; sourceTree = "<group>"; };
		FC2934BC1948D8F000DF1087 /* SDWebImageCompat.h */ = {isa = PBXFileReference; fileEncoding = 4; lastKnownFileType = sourcecode.c.h; path = SDWebImageCompat.h; sourceTree = "<group>"; };
		FC2934BD1948D8F000DF1087 /* SDWebImageCompat.m */ = {isa = PBXFileReference; fileEncoding = 4; lastKnownFileType = sourcecode.c.objc; path = SDWebImageCompat.m; sourceTree = "<group>"; };
		FC2934BE1948D8F000DF1087 /* SDWebImageDecoder.h */ = {isa = PBXFileReference; fileEncoding = 4; lastKnownFileType = sourcecode.c.h; path = SDWebImageDecoder.h; sourceTree = "<group>"; };
		FC2934BF1948D8F000DF1087 /* SDWebImageDecoder.m */ = {isa = PBXFileReference; fileEncoding = 4; lastKnownFileType = sourcecode.c.objc; path = SDWebImageDecoder.m; sourceTree = "<group>"; };
		FC2934C01948D8F000DF1087 /* SDWebImageDownloader.h */ = {isa = PBXFileReference; fileEncoding = 4; lastKnownFileType = sourcecode.c.h; path = SDWebImageDownloader.h; sourceTree = "<group>"; };
		FC2934C11948D8F000DF1087 /* SDWebImageDownloader.m */ = {isa = PBXFileReference; fileEncoding = 4; lastKnownFileType = sourcecode.c.objc; path = SDWebImageDownloader.m; sourceTree = "<group>"; };
		FC2934C21948D8F000DF1087 /* SDWebImageDownloaderOperation.h */ = {isa = PBXFileReference; fileEncoding = 4; lastKnownFileType = sourcecode.c.h; path = SDWebImageDownloaderOperation.h; sourceTree = "<group>"; };
		FC2934C31948D8F000DF1087 /* SDWebImageDownloaderOperation.m */ = {isa = PBXFileReference; fileEncoding = 4; lastKnownFileType = sourcecode.c.objc; path = SDWebImageDownloaderOperation.m; sourceTree = "<group>"; };
		FC2934C41948D8F000DF1087 /* SDWebImageManager.h */ = {isa = PBXFileReference; fileEncoding = 4; lastKnownFileType = sourcecode.c.h; path = SDWebImageManager.h; sourceTree = "<group>"; };
		FC2934C51948D8F000DF1087 /* SDWebImageManager.m */ = {isa = PBXFileReference; fileEncoding = 4; lastKnownFileType = sourcecode.c.objc; path = SDWebImageManager.m; sourceTree = "<group>"; };
		FC2934C61948D8F000DF1087 /* SDWebImageOperation.h */ = {isa = PBXFileReference; fileEncoding = 4; lastKnownFileType = sourcecode.c.h; path = SDWebImageOperation.h; sourceTree = "<group>"; };
		FC2934C71948D8F000DF1087 /* SDWebImagePrefetcher.h */ = {isa = PBXFileReference; fileEncoding = 4; lastKnownFileType = sourcecode.c.h; path = SDWebImagePrefetcher.h; sourceTree = "<group>"; };
		FC2934C81948D8F000DF1087 /* SDWebImagePrefetcher.m */ = {isa = PBXFileReference; fileEncoding = 4; lastKnownFileType = sourcecode.c.objc; path = SDWebImagePrefetcher.m; sourceTree = "<group>"; };
		FC2934C91948D8F000DF1087 /* UIButton+WebCache.h */ = {isa = PBXFileReference; fileEncoding = 4; lastKnownFileType = sourcecode.c.h; path = "UIButton+WebCache.h"; sourceTree = "<group>"; };
		FC2934CA1948D8F000DF1087 /* UIButton+WebCache.m */ = {isa = PBXFileReference; fileEncoding = 4; lastKnownFileType = sourcecode.c.objc; path = "UIButton+WebCache.m"; sourceTree = "<group>"; };
		FC2934CB1948D8F000DF1087 /* UIImage+GIF.h */ = {isa = PBXFileReference; fileEncoding = 4; lastKnownFileType = sourcecode.c.h; path = "UIImage+GIF.h"; sourceTree = "<group>"; };
		FC2934CC1948D8F000DF1087 /* UIImage+GIF.m */ = {isa = PBXFileReference; fileEncoding = 4; lastKnownFileType = sourcecode.c.objc; path = "UIImage+GIF.m"; sourceTree = "<group>"; };
		FC2934CD1948D8F000DF1087 /* UIImage+MultiFormat.h */ = {isa = PBXFileReference; fileEncoding = 4; lastKnownFileType = sourcecode.c.h; path = "UIImage+MultiFormat.h"; sourceTree = "<group>"; };
		FC2934CE1948D8F000DF1087 /* UIImage+MultiFormat.m */ = {isa = PBXFileReference; fileEncoding = 4; lastKnownFileType = sourcecode.c.objc; path = "UIImage+MultiFormat.m"; sourceTree = "<group>"; };
		FC2934CF1948D8F000DF1087 /* UIImage+WebP.h */ = {isa = PBXFileReference; fileEncoding = 4; lastKnownFileType = sourcecode.c.h; path = "UIImage+WebP.h"; sourceTree = "<group>"; };
		FC2934D01948D8F000DF1087 /* UIImage+WebP.m */ = {isa = PBXFileReference; fileEncoding = 4; lastKnownFileType = sourcecode.c.objc; path = "UIImage+WebP.m"; sourceTree = "<group>"; };
		FC2934D11948D8F000DF1087 /* UIImageView+HighlightedWebCache.h */ = {isa = PBXFileReference; fileEncoding = 4; lastKnownFileType = sourcecode.c.h; path = "UIImageView+HighlightedWebCache.h"; sourceTree = "<group>"; };
		FC2934D21948D8F000DF1087 /* UIImageView+HighlightedWebCache.m */ = {isa = PBXFileReference; fileEncoding = 4; lastKnownFileType = sourcecode.c.objc; path = "UIImageView+HighlightedWebCache.m"; sourceTree = "<group>"; };
		FC2934D31948D8F000DF1087 /* UIImageView+WebCache.h */ = {isa = PBXFileReference; fileEncoding = 4; lastKnownFileType = sourcecode.c.h; path = "UIImageView+WebCache.h"; sourceTree = "<group>"; };
		FC2934D41948D8F000DF1087 /* UIImageView+WebCache.m */ = {isa = PBXFileReference; fileEncoding = 4; lastKnownFileType = sourcecode.c.objc; path = "UIImageView+WebCache.m"; sourceTree = "<group>"; };
		FC6CAEB8193D654200FB5850 /* loadingScreen.png */ = {isa = PBXFileReference; lastKnownFileType = image.png; name = loadingScreen.png; path = ../../../Downloads/loadingScreen.png; sourceTree = "<group>"; };
		FC6CAEC6193EF18E00FB5850 /* OpenSans-CondBold.ttf */ = {isa = PBXFileReference; lastKnownFileType = file; path = "OpenSans-CondBold.ttf"; sourceTree = "<group>"; };
		FC6CAEC7193EF18F00FB5850 /* OpenSans-CondLight.ttf */ = {isa = PBXFileReference; lastKnownFileType = file; path = "OpenSans-CondLight.ttf"; sourceTree = "<group>"; };
		FC6CAEC8193EF18F00FB5850 /* OpenSans-CondLightItalic.ttf */ = {isa = PBXFileReference; lastKnownFileType = file; path = "OpenSans-CondLightItalic.ttf"; sourceTree = "<group>"; };
		FC6CAECF193F104D00FB5850 /* camera.png */ = {isa = PBXFileReference; lastKnownFileType = image.png; path = camera.png; sourceTree = "<group>"; };
		FC6CAED0193F104D00FB5850 /* upload.png */ = {isa = PBXFileReference; lastKnownFileType = image.png; path = upload.png; sourceTree = "<group>"; };
		FC6CAED3193F1DC700FB5850 /* submit.png */ = {isa = PBXFileReference; lastKnownFileType = image.png; path = submit.png; sourceTree = "<group>"; };
		FCA3FA8E193C809000390B10 /* BloodHound.app */ = {isa = PBXFileReference; explicitFileType = wrapper.application; includeInIndex = 0; path = BloodHound.app; sourceTree = BUILT_PRODUCTS_DIR; };
		FCA3FA91193C809000390B10 /* Foundation.framework */ = {isa = PBXFileReference; lastKnownFileType = wrapper.framework; name = Foundation.framework; path = System/Library/Frameworks/Foundation.framework; sourceTree = SDKROOT; };
		FCA3FA93193C809000390B10 /* CoreGraphics.framework */ = {isa = PBXFileReference; lastKnownFileType = wrapper.framework; name = CoreGraphics.framework; path = System/Library/Frameworks/CoreGraphics.framework; sourceTree = SDKROOT; };
		FCA3FA95193C809000390B10 /* UIKit.framework */ = {isa = PBXFileReference; lastKnownFileType = wrapper.framework; name = UIKit.framework; path = System/Library/Frameworks/UIKit.framework; sourceTree = SDKROOT; };
		FCA3FA97193C809000390B10 /* CoreData.framework */ = {isa = PBXFileReference; lastKnownFileType = wrapper.framework; name = CoreData.framework; path = System/Library/Frameworks/CoreData.framework; sourceTree = SDKROOT; };
		FCA3FA9B193C809000390B10 /* BloodHound-Info.plist */ = {isa = PBXFileReference; lastKnownFileType = text.plist.xml; path = "BloodHound-Info.plist"; sourceTree = "<group>"; };
		FCA3FA9D193C809000390B10 /* en */ = {isa = PBXFileReference; lastKnownFileType = text.plist.strings; name = en; path = en.lproj/InfoPlist.strings; sourceTree = "<group>"; };
		FCA3FA9F193C809000390B10 /* main.m */ = {isa = PBXFileReference; lastKnownFileType = sourcecode.c.objc; path = main.m; sourceTree = "<group>"; };
		FCA3FAA1193C809000390B10 /* BloodHound-Prefix.pch */ = {isa = PBXFileReference; lastKnownFileType = sourcecode.c.h; path = "BloodHound-Prefix.pch"; sourceTree = "<group>"; };
		FCA3FAA2193C809000390B10 /* AppDelegate.h */ = {isa = PBXFileReference; lastKnownFileType = sourcecode.c.h; path = AppDelegate.h; sourceTree = "<group>"; };
		FCA3FAA3193C809000390B10 /* AppDelegate.m */ = {isa = PBXFileReference; lastKnownFileType = sourcecode.c.objc; path = AppDelegate.m; sourceTree = "<group>"; };
		FCA3FAA6193C809000390B10 /* BloodHound.xcdatamodel */ = {isa = PBXFileReference; lastKnownFileType = wrapper.xcdatamodel; path = BloodHound.xcdatamodel; sourceTree = "<group>"; };
		FCA3FAA8193C809000390B10 /* Images.xcassets */ = {isa = PBXFileReference; lastKnownFileType = folder.assetcatalog; path = Images.xcassets; sourceTree = "<group>"; };
		FCA3FAAE193C809000390B10 /* BloodHoundTests.xctest */ = {isa = PBXFileReference; explicitFileType = wrapper.cfbundle; includeInIndex = 0; path = BloodHoundTests.xctest; sourceTree = BUILT_PRODUCTS_DIR; };
		FCA3FAAF193C809000390B10 /* XCTest.framework */ = {isa = PBXFileReference; lastKnownFileType = wrapper.framework; name = XCTest.framework; path = Library/Frameworks/XCTest.framework; sourceTree = DEVELOPER_DIR; };
		FCA3FAB8193C809000390B10 /* BloodHoundTests-Info.plist */ = {isa = PBXFileReference; lastKnownFileType = text.plist.xml; path = "BloodHoundTests-Info.plist"; sourceTree = "<group>"; };
		FCA3FABA193C809000390B10 /* en */ = {isa = PBXFileReference; lastKnownFileType = text.plist.strings; name = en; path = en.lproj/InfoPlist.strings; sourceTree = "<group>"; };
		FCA3FABC193C809000390B10 /* BloodHoundTests.m */ = {isa = PBXFileReference; lastKnownFileType = sourcecode.c.objc; path = BloodHoundTests.m; sourceTree = "<group>"; };
		FCA3FACD193C8A7B00390B10 /* MainViewController.h */ = {isa = PBXFileReference; fileEncoding = 4; lastKnownFileType = sourcecode.c.h; path = MainViewController.h; sourceTree = "<group>"; };
		FCA3FACE193C8A7B00390B10 /* MainViewController.m */ = {isa = PBXFileReference; fileEncoding = 4; lastKnownFileType = sourcecode.c.objc; path = MainViewController.m; sourceTree = "<group>"; };
		FCA3FAD1193C93DE00390B10 /* BloodHoundStoryBoard.storyboard */ = {isa = PBXFileReference; fileEncoding = 4; lastKnownFileType = file.storyboard; path = BloodHoundStoryBoard.storyboard; sourceTree = "<group>"; };
		FCAA7A0E19440D6500010866 /* AnimatedGif.h */ = {isa = PBXFileReference; fileEncoding = 4; lastKnownFileType = sourcecode.c.h; path = AnimatedGif.h; sourceTree = "<group>"; };
		FCAA7A0F19440D6500010866 /* AnimatedGif.m */ = {isa = PBXFileReference; fileEncoding = 4; lastKnownFileType = sourcecode.c.objc; path = AnimatedGif.m; sourceTree = "<group>"; };
		FCAA7A1419440D6600010866 /* UIImageView+AnimatedGif.h */ = {isa = PBXFileReference; fileEncoding = 4; lastKnownFileType = sourcecode.c.h; path = "UIImageView+AnimatedGif.h"; sourceTree = "<group>"; };
		FCAA7A1519440D6600010866 /* UIImageView+AnimatedGif.m */ = {isa = PBXFileReference; fileEncoding = 4; lastKnownFileType = sourcecode.c.objc; path = "UIImageView+AnimatedGif.m"; sourceTree = "<group>"; };
		FCAA7A251944663000010866 /* SUITextField.h */ = {isa = PBXFileReference; fileEncoding = 4; lastKnownFileType = sourcecode.c.h; path = SUITextField.h; sourceTree = "<group>"; };
		FCAA7A261944663000010866 /* SUITextField.m */ = {isa = PBXFileReference; fileEncoding = 4; lastKnownFileType = sourcecode.c.objc; path = SUITextField.m; sourceTree = "<group>"; };
		FCAA7A281944663700010866 /* selectPhoto.png */ = {isa = PBXFileReference; lastKnownFileType = image.png; path = selectPhoto.png; sourceTree = "<group>"; };
		FCAA7A2A19452ECD00010866 /* libsqlite3.dylib */ = {isa = PBXFileReference; lastKnownFileType = "compiled.mach-o.dylib"; name = libsqlite3.dylib; path = usr/lib/libsqlite3.dylib; sourceTree = SDKROOT; };
		FCAD82F7194AD4E100D0608F /* ajax-loader-bar.gif */ = {isa = PBXFileReference; lastKnownFileType = image.gif; path = "ajax-loader-bar.gif"; sourceTree = "<group>"; };
		FCAD8334194AE97300D0608F /* CoreBluetooth.framework */ = {isa = PBXFileReference; lastKnownFileType = wrapper.framework; name = CoreBluetooth.framework; path = System/Library/Frameworks/CoreBluetooth.framework; sourceTree = SDKROOT; };
		FCAD8335194AE97300D0608F /* CoreLocation.framework */ = {isa = PBXFileReference; lastKnownFileType = wrapper.framework; name = CoreLocation.framework; path = System/Library/Frameworks/CoreLocation.framework; sourceTree = SDKROOT; };
		FCAD8336194AE97300D0608F /* libz.dylib */ = {isa = PBXFileReference; lastKnownFileType = "compiled.mach-o.dylib"; name = libz.dylib; path = usr/lib/libz.dylib; sourceTree = SDKROOT; };
		FCAD8337194AE97300D0608F /* MapKit.framework */ = {isa = PBXFileReference; lastKnownFileType = wrapper.framework; name = MapKit.framework; path = System/Library/Frameworks/MapKit.framework; sourceTree = SDKROOT; };
		FCAD8338194AE97300D0608F /* Security.framework */ = {isa = PBXFileReference; lastKnownFileType = wrapper.framework; name = Security.framework; path = System/Library/Frameworks/Security.framework; sourceTree = SDKROOT; };
		FCAD833E194AE99400D0608F /* FYX.framework */ = {isa = PBXFileReference; lastKnownFileType = wrapper.framework; name = FYX.framework; path = FrameworkLibs/FYX.framework; sourceTree = "<group>"; };
		FCAD833F194AE99400D0608F /* NetworkServices.framework */ = {isa = PBXFileReference; lastKnownFileType = wrapper.framework; name = NetworkServices.framework; path = FrameworkLibs/NetworkServices.embeddedframework/NetworkServices.framework; sourceTree = "<group>"; };
		FCAD8340194AE99400D0608F /* ContextLocation.framework */ = {isa = PBXFileReference; lastKnownFileType = wrapper.framework; name = ContextLocation.framework; path = FrameworkLibs/ContextLocation.embeddedframework/ContextLocation.framework; sourceTree = "<group>"; };
		FCAD8341194AE99400D0608F /* Common.framework */ = {isa = PBXFileReference; lastKnownFileType = wrapper.framework; name = Common.framework; path = FrameworkLibs/Common.embeddedframework/Common.framework; sourceTree = "<group>"; };
		FCAD8342194AE99400D0608F /* ContextCore.framework */ = {isa = PBXFileReference; lastKnownFileType = wrapper.framework; name = ContextCore.framework; path = FrameworkLibs/ContextCore.embeddedframework/ContextCore.framework; sourceTree = "<group>"; };
		FCAD8348194AF08A00D0608F /* bloodhound.caf */ = {isa = PBXFileReference; lastKnownFileType = file; path = bloodhound.caf; sourceTree = "<group>"; };
		FCAF95901946417600662414 /* FoundViewController.h */ = {isa = PBXFileReference; fileEncoding = 4; lastKnownFileType = sourcecode.c.h; path = FoundViewController.h; sourceTree = "<group>"; };
		FCAF95911946417600662414 /* FoundViewController.m */ = {isa = PBXFileReference; fileEncoding = 4; lastKnownFileType = sourcecode.c.objc; path = FoundViewController.m; sourceTree = "<group>"; };
/* End PBXFileReference section */

/* Begin PBXFrameworksBuildPhase section */
		FCA3FA8B193C809000390B10 /* Frameworks */ = {
			isa = PBXFrameworksBuildPhase;
			buildActionMask = 2147483647;
			files = (
				FCAD8343194AE99400D0608F /* FYX.framework in Frameworks */,
				FCAD8344194AE99400D0608F /* NetworkServices.framework in Frameworks */,
				FCAD8345194AE99400D0608F /* ContextLocation.framework in Frameworks */,
				FCAD8346194AE99400D0608F /* Common.framework in Frameworks */,
				FCAD8347194AE99400D0608F /* ContextCore.framework in Frameworks */,
				FCAD8339194AE97300D0608F /* CoreBluetooth.framework in Frameworks */,
				FCAD833A194AE97300D0608F /* CoreLocation.framework in Frameworks */,
				FCAD833B194AE97300D0608F /* libz.dylib in Frameworks */,
				FCAD833C194AE97300D0608F /* MapKit.framework in Frameworks */,
				FCAD833D194AE97300D0608F /* Security.framework in Frameworks */,
				FCA3FA98193C809000390B10 /* CoreData.framework in Frameworks */,
				FCAA7A2B19452ECD00010866 /* libsqlite3.dylib in Frameworks */,
				FCA3FA94193C809000390B10 /* CoreGraphics.framework in Frameworks */,
				FCA3FA96193C809000390B10 /* UIKit.framework in Frameworks */,
				FCA3FA92193C809000390B10 /* Foundation.framework in Frameworks */,
			);
			runOnlyForDeploymentPostprocessing = 0;
		};
		FCA3FAAB193C809000390B10 /* Frameworks */ = {
			isa = PBXFrameworksBuildPhase;
			buildActionMask = 2147483647;
			files = (
				FCA3FAB0193C809000390B10 /* XCTest.framework in Frameworks */,
				FCA3FAB3193C809000390B10 /* CoreData.framework in Frameworks */,
				FCA3FAB2193C809000390B10 /* UIKit.framework in Frameworks */,
				FCA3FAB1193C809000390B10 /* Foundation.framework in Frameworks */,
			);
			runOnlyForDeploymentPostprocessing = 0;
		};
/* End PBXFrameworksBuildPhase section */

/* Begin PBXGroup section */
		FC2934B51948D8EF00DF1087 /* SDWebImage */ = {
			isa = PBXGroup;
			children = (
				FC2934B61948D8F000DF1087 /* MKAnnotationView+WebCache.h */,
				FC2934B71948D8F000DF1087 /* MKAnnotationView+WebCache.m */,
				FC2934B81948D8F000DF1087 /* NSData+ImageContentType.h */,
				FC2934B91948D8F000DF1087 /* NSData+ImageContentType.m */,
				FC2934BA1948D8F000DF1087 /* SDImageCache.h */,
				FC2934BB1948D8F000DF1087 /* SDImageCache.m */,
				FC2934BC1948D8F000DF1087 /* SDWebImageCompat.h */,
				FC2934BD1948D8F000DF1087 /* SDWebImageCompat.m */,
				FC2934BE1948D8F000DF1087 /* SDWebImageDecoder.h */,
				FC2934BF1948D8F000DF1087 /* SDWebImageDecoder.m */,
				FC2934C01948D8F000DF1087 /* SDWebImageDownloader.h */,
				FC2934C11948D8F000DF1087 /* SDWebImageDownloader.m */,
				FC2934C21948D8F000DF1087 /* SDWebImageDownloaderOperation.h */,
				FC2934C31948D8F000DF1087 /* SDWebImageDownloaderOperation.m */,
				FC2934C41948D8F000DF1087 /* SDWebImageManager.h */,
				FC2934C51948D8F000DF1087 /* SDWebImageManager.m */,
				FC2934C61948D8F000DF1087 /* SDWebImageOperation.h */,
				FC2934C71948D8F000DF1087 /* SDWebImagePrefetcher.h */,
				FC2934C81948D8F000DF1087 /* SDWebImagePrefetcher.m */,
				FC2934C91948D8F000DF1087 /* UIButton+WebCache.h */,
				FC2934CA1948D8F000DF1087 /* UIButton+WebCache.m */,
				FC2934CB1948D8F000DF1087 /* UIImage+GIF.h */,
				FC2934CC1948D8F000DF1087 /* UIImage+GIF.m */,
				FC2934CD1948D8F000DF1087 /* UIImage+MultiFormat.h */,
				FC2934CE1948D8F000DF1087 /* UIImage+MultiFormat.m */,
				FC2934CF1948D8F000DF1087 /* UIImage+WebP.h */,
				FC2934D01948D8F000DF1087 /* UIImage+WebP.m */,
				FC2934D11948D8F000DF1087 /* UIImageView+HighlightedWebCache.h */,
				FC2934D21948D8F000DF1087 /* UIImageView+HighlightedWebCache.m */,
				FC2934D31948D8F000DF1087 /* UIImageView+WebCache.h */,
				FC2934D41948D8F000DF1087 /* UIImageView+WebCache.m */,
			);
			name = SDWebImage;
			path = "../../../Downloads/SDWebImage-master/SDWebImage";
			sourceTree = "<group>";
		};
		FCA3FA85193C809000390B10 = {
			isa = PBXGroup;
			children = (
				FCAD8348194AF08A00D0608F /* bloodhound.caf */,
				FCAD82F7194AD4E100D0608F /* ajax-loader-bar.gif */,
				FC2934B21947252A00DF1087 /* UIScrollView+TPKeyboardAvoidingAdditions.h */,
				FC2934B31947252A00DF1087 /* UIScrollView+TPKeyboardAvoidingAdditions.m */,
				FC2934AF1947248800DF1087 /* TPKeyboardAvoidingScrollView.h */,
				FC2934B01947248800DF1087 /* TPKeyboardAvoidingScrollView.m */,
				FCAF95901946417600662414 /* FoundViewController.h */,
				FCAF95911946417600662414 /* FoundViewController.m */,
				FCAA7A281944663700010866 /* selectPhoto.png */,
				FCAA7A251944663000010866 /* SUITextField.h */,
				FCAA7A261944663000010866 /* SUITextField.m */,
				FCAA7A0E19440D6500010866 /* AnimatedGif.h */,
				FCAA7A0F19440D6500010866 /* AnimatedGif.m */,
				FCAA7A1419440D6600010866 /* UIImageView+AnimatedGif.h */,
				FCAA7A1519440D6600010866 /* UIImageView+AnimatedGif.m */,
				FC1F45281943BF6E006C10F8 /* backButton.png */,
				FC1F4526194096BC006C10F8 /* reportAlert.png */,
				FC1F45231940965D006C10F8 /* ReportViewController.m */,
				FC1F45241940965D006C10F8 /* ReportViewController.h */,
				FC1F451C19409055006C10F8 /* ActiveViewController.h */,
				FC1F451D19409055006C10F8 /* ActiveViewController.m */,
				FC1F4521194094C8006C10F8 /* minimize.png */,
				FC1F451419406560006C10F8 /* check.png */,
				FC1F451519406560006C10F8 /* uncheck.png */,
				FC6CAEC6193EF18E00FB5850 /* OpenSans-CondBold.ttf */,
				FC6CAEC7193EF18F00FB5850 /* OpenSans-CondLight.ttf */,
				FC6CAEC8193EF18F00FB5850 /* OpenSans-CondLightItalic.ttf */,
				FCA3FAD1193C93DE00390B10 /* BloodHoundStoryBoard.storyboard */,
				FC00EFBC193D594A00BBA864 /* RegisterViewController.h */,
				FC00EFBD193D594A00BBA864 /* RegisterViewController.m */,
				FC2934B51948D8EF00DF1087 /* SDWebImage */,
				FC6CAED3193F1DC700FB5850 /* submit.png */,
				FC6CAECF193F104D00FB5850 /* camera.png */,
				FC6CAED0193F104D00FB5850 /* upload.png */,
				FCA3FACD193C8A7B00390B10 /* MainViewController.h */,
				FCA3FACE193C8A7B00390B10 /* MainViewController.m */,
				FC1F451F1940909D006C10F8 /* background2.png */,
				FC1F451A19406E34006C10F8 /* navBar.png */,
				FC6CAEB8193D654200FB5850 /* loadingScreen.png */,
				FC00EFBA193D510F00BBA864 /* blueButton.png */,
				FC00EFB8193D4FCA00BBA864 /* WhiteButton.png */,
				FC00EFB6193D4A9C00BBA864 /* OrangeButton.png */,
				FCA3FA99193C809000390B10 /* BloodHound */,
				FCA3FAB6193C809000390B10 /* BloodHoundTests */,
				FCA3FA90193C809000390B10 /* Frameworks */,
				FCA3FA8F193C809000390B10 /* Products */,
			);
			sourceTree = "<group>";
		};
		FCA3FA8F193C809000390B10 /* Products */ = {
			isa = PBXGroup;
			children = (
				FCA3FA8E193C809000390B10 /* BloodHound.app */,
				FCA3FAAE193C809000390B10 /* BloodHoundTests.xctest */,
			);
			name = Products;
			sourceTree = "<group>";
		};
		FCA3FA90193C809000390B10 /* Frameworks */ = {
			isa = PBXGroup;
			children = (
				FCAD833E194AE99400D0608F /* FYX.framework */,
				FCAD833F194AE99400D0608F /* NetworkServices.framework */,
				FCAD8340194AE99400D0608F /* ContextLocation.framework */,
				FCAD8341194AE99400D0608F /* Common.framework */,
				FCAD8342194AE99400D0608F /* ContextCore.framework */,
				FCAD8334194AE97300D0608F /* CoreBluetooth.framework */,
				FCAD8335194AE97300D0608F /* CoreLocation.framework */,
				FCAD8336194AE97300D0608F /* libz.dylib */,
				FCAD8337194AE97300D0608F /* MapKit.framework */,
				FCAD8338194AE97300D0608F /* Security.framework */,
				FCAA7A2A19452ECD00010866 /* libsqlite3.dylib */,
				FCA3FA91193C809000390B10 /* Foundation.framework */,
				FCA3FA93193C809000390B10 /* CoreGraphics.framework */,
				FCA3FA95193C809000390B10 /* UIKit.framework */,
				FCA3FA97193C809000390B10 /* CoreData.framework */,
				FCA3FAAF193C809000390B10 /* XCTest.framework */,
			);
			name = Frameworks;
			sourceTree = "<group>";
		};
		FCA3FA99193C809000390B10 /* BloodHound */ = {
			isa = PBXGroup;
			children = (
				FCA3FAA2193C809000390B10 /* AppDelegate.h */,
				FCA3FAA3193C809000390B10 /* AppDelegate.m */,
				FCA3FAA8193C809000390B10 /* Images.xcassets */,
				FCA3FAA5193C809000390B10 /* BloodHound.xcdatamodeld */,
				FCA3FA9A193C809000390B10 /* Supporting Files */,
			);
			path = BloodHound;
			sourceTree = "<group>";
		};
		FCA3FA9A193C809000390B10 /* Supporting Files */ = {
			isa = PBXGroup;
			children = (
				FCA3FA9B193C809000390B10 /* BloodHound-Info.plist */,
				FCA3FA9C193C809000390B10 /* InfoPlist.strings */,
				FCA3FA9F193C809000390B10 /* main.m */,
				FCA3FAA1193C809000390B10 /* BloodHound-Prefix.pch */,
			);
			name = "Supporting Files";
			sourceTree = "<group>";
		};
		FCA3FAB6193C809000390B10 /* BloodHoundTests */ = {
			isa = PBXGroup;
			children = (
				FCA3FABC193C809000390B10 /* BloodHoundTests.m */,
				FCA3FAB7193C809000390B10 /* Supporting Files */,
			);
			path = BloodHoundTests;
			sourceTree = "<group>";
		};
		FCA3FAB7193C809000390B10 /* Supporting Files */ = {
			isa = PBXGroup;
			children = (
				FCA3FAB8193C809000390B10 /* BloodHoundTests-Info.plist */,
				FCA3FAB9193C809000390B10 /* InfoPlist.strings */,
			);
			name = "Supporting Files";
			sourceTree = "<group>";
		};
/* End PBXGroup section */

/* Begin PBXNativeTarget section */
		FCA3FA8D193C809000390B10 /* BloodHound */ = {
			isa = PBXNativeTarget;
			buildConfigurationList = FCA3FAC0193C809000390B10 /* Build configuration list for PBXNativeTarget "BloodHound" */;
			buildPhases = (
				FCA3FA8A193C809000390B10 /* Sources */,
				FCA3FA8B193C809000390B10 /* Frameworks */,
				FCA3FA8C193C809000390B10 /* Resources */,
			);
			buildRules = (
			);
			dependencies = (
			);
			name = BloodHound;
			productName = BloodHound;
			productReference = FCA3FA8E193C809000390B10 /* BloodHound.app */;
			productType = "com.apple.product-type.application";
		};
		FCA3FAAD193C809000390B10 /* BloodHoundTests */ = {
			isa = PBXNativeTarget;
			buildConfigurationList = FCA3FAC3193C809000390B10 /* Build configuration list for PBXNativeTarget "BloodHoundTests" */;
			buildPhases = (
				FCA3FAAA193C809000390B10 /* Sources */,
				FCA3FAAB193C809000390B10 /* Frameworks */,
				FCA3FAAC193C809000390B10 /* Resources */,
			);
			buildRules = (
			);
			dependencies = (
				FCA3FAB5193C809000390B10 /* PBXTargetDependency */,
			);
			name = BloodHoundTests;
			productName = BloodHoundTests;
			productReference = FCA3FAAE193C809000390B10 /* BloodHoundTests.xctest */;
			productType = "com.apple.product-type.bundle.unit-test";
		};
/* End PBXNativeTarget section */

/* Begin PBXProject section */
		FCA3FA86193C809000390B10 /* Project object */ = {
			isa = PBXProject;
			attributes = {
				LastUpgradeCheck = 0510;
				ORGANIZATIONNAME = "Small Emperor";
				TargetAttributes = {
					FCA3FAAD193C809000390B10 = {
						TestTargetID = FCA3FA8D193C809000390B10;
					};
				};
			};
			buildConfigurationList = FCA3FA89193C809000390B10 /* Build configuration list for PBXProject "BloodHound" */;
			compatibilityVersion = "Xcode 3.2";
			developmentRegion = English;
			hasScannedForEncodings = 0;
			knownRegions = (
				en,
			);
			mainGroup = FCA3FA85193C809000390B10;
			productRefGroup = FCA3FA8F193C809000390B10 /* Products */;
			projectDirPath = "";
			projectRoot = "";
			targets = (
				FCA3FA8D193C809000390B10 /* BloodHound */,
				FCA3FAAD193C809000390B10 /* BloodHoundTests */,
			);
		};
/* End PBXProject section */

/* Begin PBXResourcesBuildPhase section */
		FCA3FA8C193C809000390B10 /* Resources */ = {
			isa = PBXResourcesBuildPhase;
			buildActionMask = 2147483647;
			files = (
				FC6CAECB193EF18F00FB5850 /* OpenSans-CondLightItalic.ttf in Resources */,
				FC1F4527194096BC006C10F8 /* reportAlert.png in Resources */,
				FC1F4522194094C8006C10F8 /* minimize.png in Resources */,
				FCA3FA9E193C809000390B10 /* InfoPlist.strings in Resources */,
				FC00EFB7193D4A9C00BBA864 /* OrangeButton.png in Resources */,
				FC6CAEB9193D654200FB5850 /* loadingScreen.png in Resources */,
				FC1F451B19406E34006C10F8 /* navBar.png in Resources */,
				FCA3FAD2193C93DE00390B10 /* BloodHoundStoryBoard.storyboard in Resources */,
				FC1F451619406560006C10F8 /* check.png in Resources */,
				FCAD82F8194AD4E100D0608F /* ajax-loader-bar.gif in Resources */,
				FC6CAECA193EF18F00FB5850 /* OpenSans-CondLight.ttf in Resources */,
				FC1F451719406560006C10F8 /* uncheck.png in Resources */,
				FCA3FAA9193C809000390B10 /* Images.xcassets in Resources */,
				FC00EFBB193D510F00BBA864 /* blueButton.png in Resources */,
				FC6CAEC9193EF18F00FB5850 /* OpenSans-CondBold.ttf in Resources */,
				FC6CAED4193F1DC700FB5850 /* submit.png in Resources */,
				FC00EFB9193D4FCA00BBA864 /* WhiteButton.png in Resources */,
				FC6CAED1193F104D00FB5850 /* camera.png in Resources */,
				FCAA7A291944663700010866 /* selectPhoto.png in Resources */,
				FCAD8349194AF08B00D0608F /* bloodhound.caf in Resources */,
				FC1F45291943BF6E006C10F8 /* backButton.png in Resources */,
				FC6CAED2193F104D00FB5850 /* upload.png in Resources */,
				FC1F45201940909D006C10F8 /* background2.png in Resources */,
			);
			runOnlyForDeploymentPostprocessing = 0;
		};
		FCA3FAAC193C809000390B10 /* Resources */ = {
			isa = PBXResourcesBuildPhase;
			buildActionMask = 2147483647;
			files = (
				FC6CAECC193EF1B300FB5850 /* OpenSans-CondBold.ttf in Resources */,
				FC6CAECD193EF1B300FB5850 /* OpenSans-CondLight.ttf in Resources */,
				FC6CAECE193EF1B300FB5850 /* OpenSans-CondLightItalic.ttf in Resources */,
				FCA3FABB193C809000390B10 /* InfoPlist.strings in Resources */,
			);
			runOnlyForDeploymentPostprocessing = 0;
		};
/* End PBXResourcesBuildPhase section */

/* Begin PBXSourcesBuildPhase section */
		FCA3FA8A193C809000390B10 /* Sources */ = {
			isa = PBXSourcesBuildPhase;
			buildActionMask = 2147483647;
			files = (
				FCAA7A1919440D6600010866 /* UIImageView+AnimatedGif.m in Sources */,
				FC2934E11948D8F100DF1087 /* UIImage+WebP.m in Sources */,
				FCAF95921946417600662414 /* FoundViewController.m in Sources */,
				FC1F451E19409055006C10F8 /* ActiveViewController.m in Sources */,
				FC2934B41947252A00DF1087 /* UIScrollView+TPKeyboardAvoidingAdditions.m in Sources */,
				FCAA7A1619440D6600010866 /* AnimatedGif.m in Sources */,
				FCAA7A271944663000010866 /* SUITextField.m in Sources */,
				FC2934DB1948D8F100DF1087 /* SDWebImageDownloaderOperation.m in Sources */,
				FC00EFBE193D594A00BBA864 /* RegisterViewController.m in Sources */,
				FC2934D71948D8F100DF1087 /* SDImageCache.m in Sources */,
				FCA3FAA7193C809000390B10 /* BloodHound.xcdatamodeld in Sources */,
				FC1F45251940965D006C10F8 /* ReportViewController.m in Sources */,
				FCA3FAA4193C809000390B10 /* AppDelegate.m in Sources */,
				FC2934D81948D8F100DF1087 /* SDWebImageCompat.m in Sources */,
				FC2934D61948D8F100DF1087 /* NSData+ImageContentType.m in Sources */,
				FC2934B11947248800DF1087 /* TPKeyboardAvoidingScrollView.m in Sources */,
				FC2934DC1948D8F100DF1087 /* SDWebImageManager.m in Sources */,
				FC2934DA1948D8F100DF1087 /* SDWebImageDownloader.m in Sources */,
				FC2934E31948D8F100DF1087 /* UIImageView+WebCache.m in Sources */,
				FC2934E21948D8F100DF1087 /* UIImageView+HighlightedWebCache.m in Sources */,
				FC2934D51948D8F100DF1087 /* MKAnnotationView+WebCache.m in Sources */,
				FC2934DF1948D8F100DF1087 /* UIImage+GIF.m in Sources */,
				FCA3FACF193C8A7B00390B10 /* MainViewController.m in Sources */,
				FC2934DD1948D8F100DF1087 /* SDWebImagePrefetcher.m in Sources */,
				FC2934DE1948D8F100DF1087 /* UIButton+WebCache.m in Sources */,
				FC2934E01948D8F100DF1087 /* UIImage+MultiFormat.m in Sources */,
				FC2934D91948D8F100DF1087 /* SDWebImageDecoder.m in Sources */,
				FCA3FAA0193C809000390B10 /* main.m in Sources */,
			);
			runOnlyForDeploymentPostprocessing = 0;
		};
		FCA3FAAA193C809000390B10 /* Sources */ = {
			isa = PBXSourcesBuildPhase;
			buildActionMask = 2147483647;
			files = (
				FCA3FABD193C809000390B10 /* BloodHoundTests.m in Sources */,
			);
			runOnlyForDeploymentPostprocessing = 0;
		};
/* End PBXSourcesBuildPhase section */

/* Begin PBXTargetDependency section */
		FCA3FAB5193C809000390B10 /* PBXTargetDependency */ = {
			isa = PBXTargetDependency;
			target = FCA3FA8D193C809000390B10 /* BloodHound */;
			targetProxy = FCA3FAB4193C809000390B10 /* PBXContainerItemProxy */;
		};
/* End PBXTargetDependency section */

/* Begin PBXVariantGroup section */
		FCA3FA9C193C809000390B10 /* InfoPlist.strings */ = {
			isa = PBXVariantGroup;
			children = (
				FCA3FA9D193C809000390B10 /* en */,
			);
			name = InfoPlist.strings;
			sourceTree = "<group>";
		};
		FCA3FAB9193C809000390B10 /* InfoPlist.strings */ = {
			isa = PBXVariantGroup;
			children = (
				FCA3FABA193C809000390B10 /* en */,
			);
			name = InfoPlist.strings;
			sourceTree = "<group>";
		};
/* End PBXVariantGroup section */

/* Begin XCBuildConfiguration section */
		FCA3FABE193C809000390B10 /* Debug */ = {
			isa = XCBuildConfiguration;
			buildSettings = {
				ALWAYS_SEARCH_USER_PATHS = NO;
				CLANG_CXX_LANGUAGE_STANDARD = "gnu++0x";
				CLANG_CXX_LIBRARY = "libc++";
				CLANG_ENABLE_MODULES = YES;
				CLANG_ENABLE_OBJC_ARC = YES;
				CLANG_WARN_BOOL_CONVERSION = YES;
				CLANG_WARN_CONSTANT_CONVERSION = YES;
				CLANG_WARN_DIRECT_OBJC_ISA_USAGE = YES_ERROR;
				CLANG_WARN_EMPTY_BODY = YES;
				CLANG_WARN_ENUM_CONVERSION = YES;
				CLANG_WARN_INT_CONVERSION = YES;
				CLANG_WARN_OBJC_ROOT_CLASS = YES_ERROR;
				CLANG_WARN__DUPLICATE_METHOD_MATCH = YES;
				"CODE_SIGN_IDENTITY[sdk=iphoneos*]" = "iPhone Developer";
				COPY_PHASE_STRIP = NO;
				GCC_C_LANGUAGE_STANDARD = gnu99;
				GCC_DYNAMIC_NO_PIC = NO;
				GCC_OPTIMIZATION_LEVEL = 0;
				GCC_PREPROCESSOR_DEFINITIONS = (
					"DEBUG=1",
					"$(inherited)",
				);
				GCC_SYMBOLS_PRIVATE_EXTERN = NO;
				GCC_WARN_64_TO_32_BIT_CONVERSION = YES;
				GCC_WARN_ABOUT_RETURN_TYPE = YES_ERROR;
				GCC_WARN_UNDECLARED_SELECTOR = YES;
				GCC_WARN_UNINITIALIZED_AUTOS = YES_AGGRESSIVE;
				GCC_WARN_UNUSED_FUNCTION = YES;
				GCC_WARN_UNUSED_VARIABLE = YES;
				IPHONEOS_DEPLOYMENT_TARGET = 7.1;
				ONLY_ACTIVE_ARCH = YES;
				SDKROOT = iphoneos;
			};
			name = Debug;
		};
		FCA3FABF193C809000390B10 /* Release */ = {
			isa = XCBuildConfiguration;
			buildSettings = {
				ALWAYS_SEARCH_USER_PATHS = NO;
				CLANG_CXX_LANGUAGE_STANDARD = "gnu++0x";
				CLANG_CXX_LIBRARY = "libc++";
				CLANG_ENABLE_MODULES = YES;
				CLANG_ENABLE_OBJC_ARC = YES;
				CLANG_WARN_BOOL_CONVERSION = YES;
				CLANG_WARN_CONSTANT_CONVERSION = YES;
				CLANG_WARN_DIRECT_OBJC_ISA_USAGE = YES_ERROR;
				CLANG_WARN_EMPTY_BODY = YES;
				CLANG_WARN_ENUM_CONVERSION = YES;
				CLANG_WARN_INT_CONVERSION = YES;
				CLANG_WARN_OBJC_ROOT_CLASS = YES_ERROR;
				CLANG_WARN__DUPLICATE_METHOD_MATCH = YES;
				"CODE_SIGN_IDENTITY[sdk=iphoneos*]" = "iPhone Developer";
				COPY_PHASE_STRIP = YES;
				ENABLE_NS_ASSERTIONS = NO;
				GCC_C_LANGUAGE_STANDARD = gnu99;
				GCC_WARN_64_TO_32_BIT_CONVERSION = YES;
				GCC_WARN_ABOUT_RETURN_TYPE = YES_ERROR;
				GCC_WARN_UNDECLARED_SELECTOR = YES;
				GCC_WARN_UNINITIALIZED_AUTOS = YES_AGGRESSIVE;
				GCC_WARN_UNUSED_FUNCTION = YES;
				GCC_WARN_UNUSED_VARIABLE = YES;
				IPHONEOS_DEPLOYMENT_TARGET = 7.1;
				SDKROOT = iphoneos;
				VALIDATE_PRODUCT = YES;
			};
			name = Release;
		};
		FCA3FAC1193C809000390B10 /* Debug */ = {
			isa = XCBuildConfiguration;
			buildSettings = {
				ASSETCATALOG_COMPILER_APPICON_NAME = AppIcon;
				ASSETCATALOG_COMPILER_LAUNCHIMAGE_NAME = LaunchImage;
				FRAMEWORK_SEARCH_PATHS = (
					"$(inherited)",
					"$(PROJECT_DIR)/FrameworkLibs",
					"$(PROJECT_DIR)/FrameworkLibs/NetworkServices.embeddedframework",
					"$(PROJECT_DIR)/FrameworkLibs/ContextLocation.embeddedframework",
					"$(PROJECT_DIR)/FrameworkLibs/Common.embeddedframework",
					"$(PROJECT_DIR)/FrameworkLibs/ContextCore.embeddedframework",
				);
				GCC_PRECOMPILE_PREFIX_HEADER = YES;
				GCC_PREFIX_HEADER = "BloodHound/BloodHound-Prefix.pch";
				INFOPLIST_FILE = "BloodHound/BloodHound-Info.plist";
				PRODUCT_NAME = "$(TARGET_NAME)";
				WRAPPER_EXTENSION = app;
			};
			name = Debug;
		};
		FCA3FAC2193C809000390B10 /* Release */ = {
			isa = XCBuildConfiguration;
			buildSettings = {
				ASSETCATALOG_COMPILER_APPICON_NAME = AppIcon;
				ASSETCATALOG_COMPILER_LAUNCHIMAGE_NAME = LaunchImage;
				FRAMEWORK_SEARCH_PATHS = (
					"$(inherited)",
					"$(PROJECT_DIR)/FrameworkLibs",
					"$(PROJECT_DIR)/FrameworkLibs/NetworkServices.embeddedframework",
					"$(PROJECT_DIR)/FrameworkLibs/ContextLocation.embeddedframework",
					"$(PROJECT_DIR)/FrameworkLibs/Common.embeddedframework",
					"$(PROJECT_DIR)/FrameworkLibs/ContextCore.embeddedframework",
				);
				GCC_PRECOMPILE_PREFIX_HEADER = YES;
				GCC_PREFIX_HEADER = "BloodHound/BloodHound-Prefix.pch";
				INFOPLIST_FILE = "BloodHound/BloodHound-Info.plist";
				PRODUCT_NAME = "$(TARGET_NAME)";
				WRAPPER_EXTENSION = app;
			};
			name = Release;
		};
		FCA3FAC4193C809000390B10 /* Debug */ = {
			isa = XCBuildConfiguration;
			buildSettings = {
				BUNDLE_LOADER = "$(BUILT_PRODUCTS_DIR)/BloodHound.app/BloodHound";
				FRAMEWORK_SEARCH_PATHS = (
					"$(SDKROOT)/Developer/Library/Frameworks",
					"$(inherited)",
					"$(DEVELOPER_FRAMEWORKS_DIR)",
				);
				GCC_PRECOMPILE_PREFIX_HEADER = YES;
				GCC_PREFIX_HEADER = "BloodHound/BloodHound-Prefix.pch";
				GCC_PREPROCESSOR_DEFINITIONS = (
					"DEBUG=1",
					"$(inherited)",
				);
				INFOPLIST_FILE = "BloodHoundTests/BloodHoundTests-Info.plist";
				PRODUCT_NAME = "$(TARGET_NAME)";
				TEST_HOST = "$(BUNDLE_LOADER)";
				WRAPPER_EXTENSION = xctest;
			};
			name = Debug;
		};
		FCA3FAC5193C809000390B10 /* Release */ = {
			isa = XCBuildConfiguration;
			buildSettings = {
				BUNDLE_LOADER = "$(BUILT_PRODUCTS_DIR)/BloodHound.app/BloodHound";
				FRAMEWORK_SEARCH_PATHS = (
					"$(SDKROOT)/Developer/Library/Frameworks",
					"$(inherited)",
					"$(DEVELOPER_FRAMEWORKS_DIR)",
				);
				GCC_PRECOMPILE_PREFIX_HEADER = YES;
				GCC_PREFIX_HEADER = "BloodHound/BloodHound-Prefix.pch";
				INFOPLIST_FILE = "BloodHoundTests/BloodHoundTests-Info.plist";
				PRODUCT_NAME = "$(TARGET_NAME)";
				TEST_HOST = "$(BUNDLE_LOADER)";
				WRAPPER_EXTENSION = xctest;
			};
			name = Release;
		};
/* End XCBuildConfiguration section */

/* Begin XCConfigurationList section */
		FCA3FA89193C809000390B10 /* Build configuration list for PBXProject "BloodHound" */ = {
			isa = XCConfigurationList;
			buildConfigurations = (
				FCA3FABE193C809000390B10 /* Debug */,
				FCA3FABF193C809000390B10 /* Release */,
			);
			defaultConfigurationIsVisible = 0;
			defaultConfigurationName = Release;
		};
		FCA3FAC0193C809000390B10 /* Build configuration list for PBXNativeTarget "BloodHound" */ = {
			isa = XCConfigurationList;
			buildConfigurations = (
				FCA3FAC1193C809000390B10 /* Debug */,
				FCA3FAC2193C809000390B10 /* Release */,
			);
			defaultConfigurationIsVisible = 0;
			defaultConfigurationName = Release;
		};
		FCA3FAC3193C809000390B10 /* Build configuration list for PBXNativeTarget "BloodHoundTests" */ = {
			isa = XCConfigurationList;
			buildConfigurations = (
				FCA3FAC4193C809000390B10 /* Debug */,
				FCA3FAC5193C809000390B10 /* Release */,
			);
			defaultConfigurationIsVisible = 0;
			defaultConfigurationName = Release;
		};
/* End XCConfigurationList section */

/* Begin XCVersionGroup section */
		FCA3FAA5193C809000390B10 /* BloodHound.xcdatamodeld */ = {
			isa = XCVersionGroup;
			children = (
				FCA3FAA6193C809000390B10 /* BloodHound.xcdatamodel */,
			);
			currentVersion = FCA3FAA6193C809000390B10 /* BloodHound.xcdatamodel */;
			path = BloodHound.xcdatamodeld;
			sourceTree = "<group>";
			versionGroupType = wrapper.xcdatamodel;
		};
/* End XCVersionGroup section */
	};
	rootObject = FCA3FA86193C809000390B10 /* Project object */;
}
